
Microsoft Visual Studio Solution File, Format Version 12.00
# Visual Studio Version 17
VisualStudioVersion = 17.0.31903.59
MinimumVisualStudioVersion = 10.0.40219.1
Project("{2150E333-8FDC-42A3-9474-1A3956D46DE8}") = "Commons", "Commons", "{26BB9C28-6CAD-4BC6-B717-CD77736C812A}"
EndProject
Project("{2150E333-8FDC-42A3-9474-1A3956D46DE8}") = "Modules", "Modules", "{33CDE665-0F8B-4FDE-981A-5266BFA7BEBC}"
EndProject
Project("{9A19103F-16F7-4668-BE54-9A1E7A4F7556}") = "WebServer", "WebServer\WebServer.csproj", "{FE3B1437-EA26-4C35-B30F-CECBF6303A11}"
EndProject
Project("{9A19103F-16F7-4668-BE54-9A1E7A4F7556}") = "Sys", "Commons\Sys\Sys.csproj", "{28125B61-8D09-4020-A609-66559BDB2B40}"
EndProject
Project("{2150E333-8FDC-42A3-9474-1A3956D46DE8}") = "Rbacs", "Rbacs", "{0C5370FD-7CEE-43D7-ABCA-D39CCF7AAB16}"
EndProject
Project("{FAE04EC0-301F-11D3-BF4B-00C04F79EFBC}") = "Sys.Rbacs.Entity", "Modules\Rbacs\Sys.Rbacs.Entity\Sys.Rbacs.Entity.csproj", "{4737C260-78C8-4154-80AE-750D4631B2F1}"
EndProject
Project("{FAE04EC0-301F-11D3-BF4B-00C04F79EFBC}") = "Sys.Frames", "Commons\Sys.Frames\Sys.Frames.csproj", "{CE1E3BA4-A295-4A20-BAD0-D798AA0524AD}"
EndProject
Project("{FAE04EC0-301F-11D3-BF4B-00C04F79EFBC}") = "Sys.Service", "Commons\Sys.Service\Sys.Service.csproj", "{36D57898-BB2E-40CA-BA0C-2E31A1C89E03}"
EndProject
Project("{FAE04EC0-301F-11D3-BF4B-00C04F79EFBC}") = "Sys.IService", "Commons\Sys.IService\Sys.IService.csproj", "{72F2FD0A-0CE6-4B98-91CD-B9F7F8B1DEED}"
EndProject
Project("{FAE04EC0-301F-11D3-BF4B-00C04F79EFBC}") = "Sys.Controller", "Commons\Sys.Controller\Sys.Controller.csproj", "{BFB4CCB7-1F75-4C74-9AFD-01BD1A506F42}"
EndProject
Global
	GlobalSection(SolutionConfigurationPlatforms) = preSolution
		Debug|Any CPU = Debug|Any CPU
		Release|Any CPU = Release|Any CPU
	EndGlobalSection
	GlobalSection(ProjectConfigurationPlatforms) = postSolution
		{FE3B1437-EA26-4C35-B30F-CECBF6303A11}.Debug|Any CPU.ActiveCfg = Debug|Any CPU
		{FE3B1437-EA26-4C35-B30F-CECBF6303A11}.Debug|Any CPU.Build.0 = Debug|Any CPU
		{FE3B1437-EA26-4C35-B30F-CECBF6303A11}.Release|Any CPU.ActiveCfg = Release|Any CPU
		{FE3B1437-EA26-4C35-B30F-CECBF6303A11}.Release|Any CPU.Build.0 = Release|Any CPU
		{28125B61-8D09-4020-A609-66559BDB2B40}.Debug|Any CPU.ActiveCfg = Debug|Any CPU
		{28125B61-8D09-4020-A609-66559BDB2B40}.Debug|Any CPU.Build.0 = Debug|Any CPU
		{28125B61-8D09-4020-A609-66559BDB2B40}.Release|Any CPU.ActiveCfg = Release|Any CPU
		{28125B61-8D09-4020-A609-66559BDB2B40}.Release|Any CPU.Build.0 = Release|Any CPU
		{4737C260-78C8-4154-80AE-750D4631B2F1}.Debug|Any CPU.ActiveCfg = Debug|Any CPU
		{4737C260-78C8-4154-80AE-750D4631B2F1}.Debug|Any CPU.Build.0 = Debug|Any CPU
		{4737C260-78C8-4154-80AE-750D4631B2F1}.Release|Any CPU.ActiveCfg = Release|Any CPU
		{4737C260-78C8-4154-80AE-750D4631B2F1}.Release|Any CPU.Build.0 = Release|Any CPU
		{CE1E3BA4-A295-4A20-BAD0-D798AA0524AD}.Debug|Any CPU.ActiveCfg = Debug|Any CPU
		{CE1E3BA4-A295-4A20-BAD0-D798AA0524AD}.Debug|Any CPU.Build.0 = Debug|Any CPU
		{CE1E3BA4-A295-4A20-BAD0-D798AA0524AD}.Release|Any CPU.ActiveCfg = Release|Any CPU
		{CE1E3BA4-A295-4A20-BAD0-D798AA0524AD}.Release|Any CPU.Build.0 = Release|Any CPU
		{36D57898-BB2E-40CA-BA0C-2E31A1C89E03}.Debug|Any CPU.ActiveCfg = Debug|Any CPU
		{36D57898-BB2E-40CA-BA0C-2E31A1C89E03}.Debug|Any CPU.Build.0 = Debug|Any CPU
		{36D57898-BB2E-40CA-BA0C-2E31A1C89E03}.Release|Any CPU.ActiveCfg = Release|Any CPU
		{36D57898-BB2E-40CA-BA0C-2E31A1C89E03}.Release|Any CPU.Build.0 = Release|Any CPU
		{72F2FD0A-0CE6-4B98-91CD-B9F7F8B1DEED}.Debug|Any CPU.ActiveCfg = Debug|Any CPU
		{72F2FD0A-0CE6-4B98-91CD-B9F7F8B1DEED}.Debug|Any CPU.Build.0 = Debug|Any CPU
		{72F2FD0A-0CE6-4B98-91CD-B9F7F8B1DEED}.Release|Any CPU.ActiveCfg = Release|Any CPU
		{72F2FD0A-0CE6-4B98-91CD-B9F7F8B1DEED}.Release|Any CPU.Build.0 = Release|Any CPU
		{BFB4CCB7-1F75-4C74-9AFD-01BD1A506F42}.Debug|Any CPU.ActiveCfg = Debug|Any CPU
		{BFB4CCB7-1F75-4C74-9AFD-01BD1A506F42}.Debug|Any CPU.Build.0 = Debug|Any CPU
		{BFB4CCB7-1F75-4C74-9AFD-01BD1A506F42}.Release|Any CPU.ActiveCfg = Release|Any CPU
		{BFB4CCB7-1F75-4C74-9AFD-01BD1A506F42}.Release|Any CPU.Build.0 = Release|Any CPU
	EndGlobalSection
	GlobalSection(SolutionProperties) = preSolution
		HideSolutionNode = FALSE
	EndGlobalSection
	GlobalSection(NestedProjects) = preSolution
		{28125B61-8D09-4020-A609-66559BDB2B40} = {26BB9C28-6CAD-4BC6-B717-CD77736C812A}
		{0C5370FD-7CEE-43D7-ABCA-D39CCF7AAB16} = {33CDE665-0F8B-4FDE-981A-5266BFA7BEBC}
		{4737C260-78C8-4154-80AE-750D4631B2F1} = {0C5370FD-7CEE-43D7-ABCA-D39CCF7AAB16}
		{CE1E3BA4-A295-4A20-BAD0-D798AA0524AD} = {26BB9C28-6CAD-4BC6-B717-CD77736C812A}
		{36D57898-BB2E-40CA-BA0C-2E31A1C89E03} = {26BB9C28-6CAD-4BC6-B717-CD77736C812A}
		{72F2FD0A-0CE6-4B98-91CD-B9F7F8B1DEED} = {26BB9C28-6CAD-4BC6-B717-CD77736C812A}
		{BFB4CCB7-1F75-4C74-9AFD-01BD1A506F42} = {26BB9C28-6CAD-4BC6-B717-CD77736C812A}
	EndGlobalSection
	GlobalSection(ExtensibilityGlobals) = postSolution
		SolutionGuid = {4D6C47D7-CCE8-4C7D-9F00-40068F1E3EAC}
	EndGlobalSection
EndGlobal
